Microsoft Visual Studio Solution File, Format Version 12.00
# Visual Studio Version 17
VisualStudioVersion = 17.5.2.0
MinimumVisualStudioVersion = 10.0.40219.1
Project("{FAE04EC0-301F-11D3-BF4B-00C04F79EFBC}") = "RevisaoPOO", "RevisaoPOO\RevisaoPOO.csproj", "{80F41C20-478C-F07A-1362-F4919090EB14}"
EndProject
Global
	GlobalSection(SolutionConfigurationPlatforms) = preSolution
		Debug|Any CPU = Debug|Any CPU
		Release|Any CPU = Release|Any CPU
	EndGlobalSection
	GlobalSection(ProjectConfigurationPlatforms) = postSolution
		{80F41C20-478C-F07A-1362-F4919090EB14}.Debug|Any CPU.ActiveCfg = Debug|Any CPU
		{80F41C20-478C-F07A-1362-F4919090EB14}.Debug|Any CPU.Build.0 = Debug|Any CPU
		{80F41C20-478C-F07A-1362-F4919090EB14}.Release|Any CPU.ActiveCfg = Release|Any CPU
		{80F41C20-478C-F07A-1362-F4919090EB14}.Release|Any CPU.Build.0 = Release|Any CPU
	EndGlobalSection
	GlobalSection(SolutionProperties) = preSolution
		HideSolutionNode = FALSE
	EndGlobalSection
	GlobalSection(ExtensibilityGlobals) = postSolution
		SolutionGuid = {D2D3B356-8758-4491-A740-FD7C4A1269D0}
	EndGlobalSection
EndGlobal
